// !$*UTF8*$!
{
	archiveVersion = 1;
	classes = {
	};
	objectVersion = 50;
	objects = {

/* Begin PBXBuildFile section */
		C9E85ECB2560624D0066A108 /* Tests_iOS.swift in Sources */ = {isa = PBXBuildFile; fileRef = C9E85ECA2560624D0066A108 /* Tests_iOS.swift */; };
		C9E85ED62560624D0066A108 /* Tests_macOS.swift in Sources */ = {isa = PBXBuildFile; fileRef = C9E85ED52560624D0066A108 /* Tests_macOS.swift */; };
		C9E85ED82560624D0066A108 /* recipebox.xcdatamodeld in Sources */ = {isa = PBXBuildFile; fileRef = C9E85EAC2560624C0066A108 /* recipebox.xcdatamodeld */; };
		C9E85ED92560624D0066A108 /* recipebox.xcdatamodeld in Sources */ = {isa = PBXBuildFile; fileRef = C9E85EAC2560624C0066A108 /* recipebox.xcdatamodeld */; };
		C9E85EDA2560624D0066A108 /* recipeboxApp.swift in Sources */ = {isa = PBXBuildFile; fileRef = C9E85EAE2560624C0066A108 /* recipeboxApp.swift */; };
		C9E85EDB2560624D0066A108 /* recipeboxApp.swift in Sources */ = {isa = PBXBuildFile; fileRef = C9E85EAE2560624C0066A108 /* recipeboxApp.swift */; };
		C9E85EDC2560624D0066A108 /* ContentView.swift in Sources */ = {isa = PBXBuildFile; fileRef = C9E85EAF2560624C0066A108 /* ContentView.swift */; };
		C9E85EDD2560624D0066A108 /* ContentView.swift in Sources */ = {isa = PBXBuildFile; fileRef = C9E85EAF2560624C0066A108 /* ContentView.swift */; };
		C9E85EDE2560624D0066A108 /* Persistence.swift in Sources */ = {isa = PBXBuildFile; fileRef = C9E85EB02560624C0066A108 /* Persistence.swift */; };
		C9E85EDF2560624D0066A108 /* Persistence.swift in Sources */ = {isa = PBXBuildFile; fileRef = C9E85EB02560624C0066A108 /* Persistence.swift */; };
		C9E85EE02560624D0066A108 /* Assets.xcassets in Resources */ = {isa = PBXBuildFile; fileRef = C9E85EB12560624D0066A108 /* Assets.xcassets */; };
		C9E85EE12560624D0066A108 /* Assets.xcassets in Resources */ = {isa = PBXBuildFile; fileRef = C9E85EB12560624D0066A108 /* Assets.xcassets */; };
/* End PBXBuildFile section */

/* Begin PBXContainerItemProxy section */
		C9E85EC72560624D0066A108 /* PBXContainerItemProxy */ = {
			isa = PBXContainerItemProxy;
			containerPortal = C9E85EA72560624B0066A108 /* Project object */;
			proxyType = 1;
			remoteGlobalIDString = C9E85EB52560624D0066A108;
			remoteInfo = "recipebox (iOS)";
		};
		C9E85ED22560624D0066A108 /* PBXContainerItemProxy */ = {
			isa = PBXContainerItemProxy;
			containerPortal = C9E85EA72560624B0066A108 /* Project object */;
			proxyType = 1;
			remoteGlobalIDString = C9E85EBD2560624D0066A108;
			remoteInfo = "recipebox (macOS)";
		};
/* End PBXContainerItemProxy section */

/* Begin PBXFileReference section */
		C9E85EAD2560624C0066A108 /* Shared.xcdatamodel */ = {isa = PBXFileReference; lastKnownFileType = wrapper.xcdatamodel; path = Shared.xcdatamodel; sourceTree = "<group>"; };
		C9E85EAE2560624C0066A108 /* recipeboxApp.swift */ = {isa = PBXFileReference; lastKnownFileType = sourcecode.swift; path = recipeboxApp.swift; sourceTree = "<group>"; };
		C9E85EAF2560624C0066A108 /* ContentView.swift */ = {isa = PBXFileReference; lastKnownFileType = sourcecode.swift; path = ContentView.swift; sourceTree = "<group>"; };
		C9E85EB02560624C0066A108 /* Persistence.swift */ = {isa = PBXFileReference; lastKnownFileType = sourcecode.swift; path = Persistence.swift; sourceTree = "<group>"; };
		C9E85EB12560624D0066A108 /* Assets.xcassets */ = {isa = PBXFileReference; lastKnownFileType = folder.assetcatalog; path = Assets.xcassets; sourceTree = "<group>"; };
		C9E85EB62560624D0066A108 /* recipebox.app */ = {isa = PBXFileReference; explicitFileType = wrapper.application; includeInIndex = 0; path = recipebox.app; sourceTree = BUILT_PRODUCTS_DIR; };
		C9E85EB92560624D0066A108 /* Info.plist */ = {isa = PBXFileReference; lastKnownFileType = text.plist.xml; path = Info.plist; sourceTree = "<group>"; };
		C9E85EBE2560624D0066A108 /* recipebox.app */ = {isa = PBXFileReference; explicitFileType = wrapper.application; includeInIndex = 0; path = recipebox.app; sourceTree = BUILT_PRODUCTS_DIR; };
		C9E85EC02560624D0066A108 /* Info.plist */ = {isa = PBXFileReference; lastKnownFileType = text.plist.xml; path = Info.plist; sourceTree = "<group>"; };
		C9E85EC12560624D0066A108 /* macOS.entitlements */ = {isa = PBXFileReference; lastKnownFileType = text.plist.entitlements; path = macOS.entitlements; sourceTree = "<group>"; };
		C9E85EC62560624D0066A108 /* Tests iOS.xctest */ = {isa = PBXFileReference; explicitFileType = wrapper.cfbundle; includeInIndex = 0; path = "Tests iOS.xctest"; sourceTree = BUILT_PRODUCTS_DIR; };
		C9E85ECA2560624D0066A108 /* Tests_iOS.swift */ = {isa = PBXFileReference; lastKnownFileType = sourcecode.swift; path = Tests_iOS.swift; sourceTree = "<group>"; };
		C9E85ECC2560624D0066A108 /* Info.plist */ = {isa = PBXFileReference; lastKnownFileType = text.plist.xml; path = Info.plist; sourceTree = "<group>"; };
		C9E85ED12560624D0066A108 /* Tests macOS.xctest */ = {isa = PBXFileReference; explicitFileType = wrapper.cfbundle; includeInIndex = 0; path = "Tests macOS.xctest"; sourceTree = BUILT_PRODUCTS_DIR; };
		C9E85ED52560624D0066A108 /* Tests_macOS.swift */ = {isa = PBXFileReference; lastKnownFileType = sourcecode.swift; path = Tests_macOS.swift; sourceTree = "<group>"; };
		C9E85ED72560624D0066A108 /* Info.plist */ = {isa = PBXFileReference; lastKnownFileType = text.plist.xml; path = Info.plist; sourceTree = "<group>"; };
/* End PBXFileReference section */

/* Begin PBXFrameworksBuildPhase section */
		C9E85EB32560624D0066A108 /* Frameworks */ = {
			isa = PBXFrameworksBuildPhase;
			buildActionMask = 2147483647;
			files = (
			);
			runOnlyForDeploymentPostprocessing = 0;
		};
		C9E85EBB2560624D0066A108 /* Frameworks */ = {
			isa = PBXFrameworksBuildPhase;
			buildActionMask = 2147483647;
			files = (
			);
			runOnlyForDeploymentPostprocessing = 0;
		};
		C9E85EC32560624D0066A108 /* Frameworks */ = {
			isa = PBXFrameworksBuildPhase;
			buildActionMask = 2147483647;
			files = (
			);
			runOnlyForDeploymentPostprocessing = 0;
		};
		C9E85ECE2560624D0066A108 /* Frameworks */ = {
			isa = PBXFrameworksBuildPhase;
			buildActionMask = 2147483647;
			files = (
			);
			runOnlyForDeploymentPostprocessing = 0;
		};
/* End PBXFrameworksBuildPhase section */

/* Begin PBXGroup section */
		C9E85EA62560624B0066A108 = {
			isa = PBXGroup;
			children = (
				C9E85EAB2560624C0066A108 /* Shared */,
				C9E85EB82560624D0066A108 /* iOS */,
				C9E85EBF2560624D0066A108 /* macOS */,
				C9E85EC92560624D0066A108 /* Tests iOS */,
				C9E85ED42560624D0066A108 /* Tests macOS */,
				C9E85EB72560624D0066A108 /* Products */,
			);
			sourceTree = "<group>";
		};
		C9E85EAB2560624C0066A108 /* Shared */ = {
			isa = PBXGroup;
			children = (
				C9E85EAE2560624C0066A108 /* recipeboxApp.swift */,
				C9E85EAF2560624C0066A108 /* ContentView.swift */,
				C9E85EB02560624C0066A108 /* Persistence.swift */,
				C9E85EB12560624D0066A108 /* Assets.xcassets */,
				C9E85EAC2560624C0066A108 /* recipebox.xcdatamodeld */,
			);
			path = Shared;
			sourceTree = "<group>";
		};
		C9E85EB72560624D0066A108 /* Products */ = {
			isa = PBXGroup;
			children = (
				C9E85EB62560624D0066A108 /* recipebox.app */,
				C9E85EBE2560624D0066A108 /* recipebox.app */,
				C9E85EC62560624D0066A108 /* Tests iOS.xctest */,
				C9E85ED12560624D0066A108 /* Tests macOS.xctest */,
			);
			name = Products;
			sourceTree = "<group>";
		};
		C9E85EB82560624D0066A108 /* iOS */ = {
			isa = PBXGroup;
			children = (
				C9E85EB92560624D0066A108 /* Info.plist */,
			);
			path = iOS;
			sourceTree = "<group>";
		};
		C9E85EBF2560624D0066A108 /* macOS */ = {
			isa = PBXGroup;
			children = (
				C9E85EC02560624D0066A108 /* Info.plist */,
				C9E85EC12560624D0066A108 /* macOS.entitlements */,
			);
			path = macOS;
			sourceTree = "<group>";
		};
		C9E85EC92560624D0066A108 /* Tests iOS */ = {
			isa = PBXGroup;
			children = (
				C9E85ECA2560624D0066A108 /* Tests_iOS.swift */,
				C9E85ECC2560624D0066A108 /* Info.plist */,
			);
			path = "Tests iOS";
			sourceTree = "<group>";
		};
		C9E85ED42560624D0066A108 /* Tests macOS */ = {
			isa = PBXGroup;
			children = (
				C9E85ED52560624D0066A108 /* Tests_macOS.swift */,
				C9E85ED72560624D0066A108 /* Info.plist */,
			);
			path = "Tests macOS";
			sourceTree = "<group>";
		};
/* End PBXGroup section */

/* Begin PBXNativeTarget section */
		C9E85EB52560624D0066A108 /* recipebox (iOS) */ = {
			isa = PBXNativeTarget;
			buildConfigurationList = C9E85EE42560624D0066A108 /* Build configuration list for PBXNativeTarget "recipebox (iOS)" */;
			buildPhases = (
				C9E85EB22560624D0066A108 /* Sources */,
				C9E85EB32560624D0066A108 /* Frameworks */,
				C9E85EB42560624D0066A108 /* Resources */,
			);
			buildRules = (
			);
			dependencies = (
			);
			name = "recipebox (iOS)";
			productName = "recipebox (iOS)";
			productReference = C9E85EB62560624D0066A108 /* recipebox.app */;
			productType = "com.apple.product-type.application";
		};
		C9E85EBD2560624D0066A108 /* recipebox (macOS) */ = {
			isa = PBXNativeTarget;
			buildConfigurationList = C9E85EE72560624D0066A108 /* Build configuration list for PBXNativeTarget "recipebox (macOS)" */;
			buildPhases = (
				C9E85EBA2560624D0066A108 /* Sources */,
				C9E85EBB2560624D0066A108 /* Frameworks */,
				C9E85EBC2560624D0066A108 /* Resources */,
			);
			buildRules = (
			);
			dependencies = (
			);
			name = "recipebox (macOS)";
			productName = "recipebox (macOS)";
			productReference = C9E85EBE2560624D0066A108 /* recipebox.app */;
			productType = "com.apple.product-type.application";
		};
		C9E85EC52560624D0066A108 /* Tests iOS */ = {
			isa = PBXNativeTarget;
			buildConfigurationList = C9E85EEA2560624D0066A108 /* Build configuration list for PBXNativeTarget "Tests iOS" */;
			buildPhases = (
				C9E85EC22560624D0066A108 /* Sources */,
				C9E85EC32560624D0066A108 /* Frameworks */,
				C9E85EC42560624D0066A108 /* Resources */,
			);
			buildRules = (
			);
			dependencies = (
				C9E85EC82560624D0066A108 /* PBXTargetDependency */,
			);
			name = "Tests iOS";
			productName = "Tests iOS";
			productReference = C9E85EC62560624D0066A108 /* Tests iOS.xctest */;
			productType = "com.apple.product-type.bundle.ui-testing";
		};
		C9E85ED02560624D0066A108 /* Tests macOS */ = {
			isa = PBXNativeTarget;
			buildConfigurationList = C9E85EED2560624D0066A108 /* Build configuration list for PBXNativeTarget "Tests macOS" */;
			buildPhases = (
				C9E85ECD2560624D0066A108 /* Sources */,
				C9E85ECE2560624D0066A108 /* Frameworks */,
				C9E85ECF2560624D0066A108 /* Resources */,
			);
			buildRules = (
			);
			dependencies = (
				C9E85ED32560624D0066A108 /* PBXTargetDependency */,
			);
			name = "Tests macOS";
			productName = "Tests macOS";
			productReference = C9E85ED12560624D0066A108 /* Tests macOS.xctest */;
			productType = "com.apple.product-type.bundle.ui-testing";
		};
/* End PBXNativeTarget section */

/* Begin PBXProject section */
		C9E85EA72560624B0066A108 /* Project object */ = {
			isa = PBXProject;
			attributes = {
				LastSwiftUpdateCheck = 1220;
				LastUpgradeCheck = 1220;
				TargetAttributes = {
					C9E85EB52560624D0066A108 = {
						CreatedOnToolsVersion = 12.2;
					};
					C9E85EBD2560624D0066A108 = {
						CreatedOnToolsVersion = 12.2;
					};
					C9E85EC52560624D0066A108 = {
						CreatedOnToolsVersion = 12.2;
						TestTargetID = C9E85EB52560624D0066A108;
					};
					C9E85ED02560624D0066A108 = {
						CreatedOnToolsVersion = 12.2;
						TestTargetID = C9E85EBD2560624D0066A108;
					};
				};
			};
			buildConfigurationList = C9E85EAA2560624C0066A108 /* Build configuration list for PBXProject "recipebox" */;
			compatibilityVersion = "Xcode 9.3";
			developmentRegion = en;
			hasScannedForEncodings = 0;
			knownRegions = (
				en,
				Base,
			);
			mainGroup = C9E85EA62560624B0066A108;
			productRefGroup = C9E85EB72560624D0066A108 /* Products */;
			projectDirPath = "";
			projectRoot = "";
			targets = (
				C9E85EB52560624D0066A108 /* recipebox (iOS) */,
				C9E85EBD2560624D0066A108 /* recipebox (macOS) */,
				C9E85EC52560624D0066A108 /* Tests iOS */,
				C9E85ED02560624D0066A108 /* Tests macOS */,
			);
		};
/* End PBXProject section */

/* Begin PBXResourcesBuildPhase section */
		C9E85EB42560624D0066A108 /* Resources */ = {
			isa = PBXResourcesBuildPhase;
			buildActionMask = 2147483647;
			files = (
				C9E85EE02560624D0066A108 /* Assets.xcassets in Resources */,
			);
			runOnlyForDeploymentPostprocessing = 0;
		};
		C9E85EBC2560624D0066A108 /* Resources */ = {
			isa = PBXResourcesBuildPhase;
			buildActionMask = 2147483647;
			files = (
				C9E85EE12560624D0066A108 /* Assets.xcassets in Resources */,
			);
			runOnlyForDeploymentPostprocessing = 0;
		};
		C9E85EC42560624D0066A108 /* Resources */ = {
			isa = PBXResourcesBuildPhase;
			buildActionMask = 2147483647;
			files = (
			);
			runOnlyForDeploymentPostprocessing = 0;
		};
		C9E85ECF2560624D0066A108 /* Resources */ = {
			isa = PBXResourcesBuildPhase;
			buildActionMask = 2147483647;
			files = (
			);
			runOnlyForDeploymentPostprocessing = 0;
		};
/* End PBXResourcesBuildPhase section */

/* Begin PBXSourcesBuildPhase section */
		C9E85EB22560624D0066A108 /* Sources */ = {
			isa = PBXSourcesBuildPhase;
			buildActionMask = 2147483647;
			files = (
				C9E85ED82560624D0066A108 /* recipebox.xcdatamodeld in Sources */,
				C9E85EDE2560624D0066A108 /* Persistence.swift in Sources */,
				C9E85EDA2560624D0066A108 /* recipeboxApp.swift in Sources */,
				C9E85EDC2560624D0066A108 /* ContentView.swift in Sources */,
			);
			runOnlyForDeploymentPostprocessing = 0;
		};
		C9E85EBA2560624D0066A108 /* Sources */ = {
			isa = PBXSourcesBuildPhase;
			buildActionMask = 2147483647;
			files = (
				C9E85ED92560624D0066A108 /* recipebox.xcdatamodeld in Sources */,
				C9E85EDF2560624D0066A108 /* Persistence.swift in Sources */,
				C9E85EDB2560624D0066A108 /* recipeboxApp.swift in Sources */,
				C9E85EDD2560624D0066A108 /* ContentView.swift in Sources */,
			);
			runOnlyForDeploymentPostprocessing = 0;
		};
		C9E85EC22560624D0066A108 /* Sources */ = {
			isa = PBXSourcesBuildPhase;
			buildActionMask = 2147483647;
			files = (
				C9E85ECB2560624D0066A108 /* Tests_iOS.swift in Sources */,
			);
			runOnlyForDeploymentPostprocessing = 0;
		};
		C9E85ECD2560624D0066A108 /* Sources */ = {
			isa = PBXSourcesBuildPhase;
			buildActionMask = 2147483647;
			files = (
				C9E85ED62560624D0066A108 /* Tests_macOS.swift in Sources */,
			);
			runOnlyForDeploymentPostprocessing = 0;
		};
/* End PBXSourcesBuildPhase section */

/* Begin PBXTargetDependency section */
		C9E85EC82560624D0066A108 /* PBXTargetDependency */ = {
			isa = PBXTargetDependency;
			target = C9E85EB52560624D0066A108 /* recipebox (iOS) */;
			targetProxy = C9E85EC72560624D0066A108 /* PBXContainerItemProxy */;
		};
		C9E85ED32560624D0066A108 /* PBXTargetDependency */ = {
			isa = PBXTargetDependency;
			target = C9E85EBD2560624D0066A108 /* recipebox (macOS) */;
			targetProxy = C9E85ED22560624D0066A108 /* PBXContainerItemProxy */;
		};
/* End PBXTargetDependency section */

/* Begin XCBuildConfiguration section */
		C9E85EE22560624D0066A108 /* Debug */ = {
			isa = XCBuildConfiguration;
			buildSettings = {
				ALWAYS_SEARCH_USER_PATHS = NO;
				CLANG_ANALYZER_NONNULL = YES;
				CLANG_ANALYZER_NUMBER_OBJECT_CONVERSION = YES_AGGRESSIVE;
				CLANG_CXX_LANGUAGE_STANDARD = "gnu++14";
				CLANG_CXX_LIBRARY = "libc++";
				CLANG_ENABLE_MODULES = YES;
				CLANG_ENABLE_OBJC_ARC = YES;
				CLANG_ENABLE_OBJC_WEAK = YES;
				CLANG_WARN_BLOCK_CAPTURE_AUTORELEASING = YES;
				CLANG_WARN_BOOL_CONVERSION = YES;
				CLANG_WARN_COMMA = YES;
				CLANG_WARN_CONSTANT_CONVERSION = YES;
				CLANG_WARN_DEPRECATED_OBJC_IMPLEMENTATIONS = YES;
				CLANG_WARN_DIRECT_OBJC_ISA_USAGE = YES_ERROR;
				CLANG_WARN_DOCUMENTATION_COMMENTS = YES;
				CLANG_WARN_EMPTY_BODY = YES;
				CLANG_WARN_ENUM_CONVERSION = YES;
				CLANG_WARN_INFINITE_RECURSION = YES;
				CLANG_WARN_INT_CONVERSION = YES;
				CLANG_WARN_NON_LITERAL_NULL_CONVERSION = YES;
				CLANG_WARN_OBJC_IMPLICIT_RETAIN_SELF = YES;
				CLANG_WARN_OBJC_LITERAL_CONVERSION = YES;
				CLANG_WARN_OBJC_ROOT_CLASS = YES_ERROR;
				CLANG_WARN_QUOTED_INCLUDE_IN_FRAMEWORK_HEADER = YES;
				CLANG_WARN_RANGE_LOOP_ANALYSIS = YES;
				CLANG_WARN_STRICT_PROTOTYPES = YES;
				CLANG_WARN_SUSPICIOUS_MOVE = YES;
				CLANG_WARN_UNGUARDED_AVAILABILITY = YES_AGGRESSIVE;
				CLANG_WARN_UNREACHABLE_CODE = YES;
				CLANG_WARN__DUPLICATE_METHOD_MATCH = YES;
				COPY_PHASE_STRIP = NO;
				DEBUG_INFORMATION_FORMAT = dwarf;
				ENABLE_STRICT_OBJC_MSGSEND = YES;
				ENABLE_TESTABILITY = YES;
				GCC_C_LANGUAGE_STANDARD = gnu11;
				GCC_DYNAMIC_NO_PIC = NO;
				GCC_NO_COMMON_BLOCKS = YES;
				GCC_OPTIMIZATION_LEVEL = 0;
				GCC_PREPROCESSOR_DEFINITIONS = (
					"DEBUG=1",
					"$(inherited)",
				);
				GCC_WARN_64_TO_32_BIT_CONVERSION = YES;
				GCC_WARN_ABOUT_RETURN_TYPE = YES_ERROR;
				GCC_WARN_UNDECLARED_SELECTOR = YES;
				GCC_WARN_UNINITIALIZED_AUTOS = YES_AGGRESSIVE;
				GCC_WARN_UNUSED_FUNCTION = YES;
				GCC_WARN_UNUSED_VARIABLE = YES;
				MTL_ENABLE_DEBUG_INFO = INCLUDE_SOURCE;
				MTL_FAST_MATH = YES;
				ONLY_ACTIVE_ARCH = YES;
				SWIFT_ACTIVE_COMPILATION_CONDITIONS = DEBUG;
				SWIFT_OPTIMIZATION_LEVEL = "-Onone";
			};
			name = Debug;
		};
		C9E85EE32560624D0066A108 /* Release */ = {
			isa = XCBuildConfiguration;
			buildSettings = {
				ALWAYS_SEARCH_USER_PATHS = NO;
				CLANG_ANALYZER_NONNULL = YES;
				CLANG_ANALYZER_NUMBER_OBJECT_CONVERSION = YES_AGGRESSIVE;
				CLANG_CXX_LANGUAGE_STANDARD = "gnu++14";
				CLANG_CXX_LIBRARY = "libc++";
				CLANG_ENABLE_MODULES = YES;
				CLANG_ENABLE_OBJC_ARC = YES;
				CLANG_ENABLE_OBJC_WEAK = YES;
				CLANG_WARN_BLOCK_CAPTURE_AUTORELEASING = YES;
				CLANG_WARN_BOOL_CONVERSION = YES;
				CLANG_WARN_COMMA = YES;
				CLANG_WARN_CONSTANT_CONVERSION = YES;
				CLANG_WARN_DEPRECATED_OBJC_IMPLEMENTATIONS = YES;
				CLANG_WARN_DIRECT_OBJC_ISA_USAGE = YES_ERROR;
				CLANG_WARN_DOCUMENTATION_COMMENTS = YES;
				CLANG_WARN_EMPTY_BODY = YES;
				CLANG_WARN_ENUM_CONVERSION = YES;
				CLANG_WARN_INFINITE_RECURSION = YES;
				CLANG_WARN_INT_CONVERSION = YES;
				CLANG_WARN_NON_LITERAL_NULL_CONVERSION = YES;
				CLANG_WARN_OBJC_IMPLICIT_RETAIN_SELF = YES;
				CLANG_WARN_OBJC_LITERAL_CONVERSION = YES;
				CLANG_WARN_OBJC_ROOT_CLASS = YES_ERROR;
				CLANG_WARN_QUOTED_INCLUDE_IN_FRAMEWORK_HEADER = YES;
				CLANG_WARN_RANGE_LOOP_ANALYSIS = YES;
				CLANG_WARN_STRICT_PROTOTYPES = YES;
				CLANG_WARN_SUSPICIOUS_MOVE = YES;
				CLANG_WARN_UNGUARDED_AVAILABILITY = YES_AGGRESSIVE;
				CLANG_WARN_UNREACHABLE_CODE = YES;
				CLANG_WARN__DUPLICATE_METHOD_MATCH = YES;
				COPY_PHASE_STRIP = NO;
				DEBUG_INFORMATION_FORMAT = "dwarf-with-dsym";
				ENABLE_NS_ASSERTIONS = NO;
				ENABLE_STRICT_OBJC_MSGSEND = YES;
				GCC_C_LANGUAGE_STANDARD = gnu11;
				GCC_NO_COMMON_BLOCKS = YES;
				GCC_WARN_64_TO_32_BIT_CONVERSION = YES;
				GCC_WARN_ABOUT_RETURN_TYPE = YES_ERROR;
				GCC_WARN_UNDECLARED_SELECTOR = YES;
				GCC_WARN_UNINITIALIZED_AUTOS = YES_AGGRESSIVE;
				GCC_WARN_UNUSED_FUNCTION = YES;
				GCC_WARN_UNUSED_VARIABLE = YES;
				MTL_ENABLE_DEBUG_INFO = NO;
				MTL_FAST_MATH = YES;
				SWIFT_COMPILATION_MODE = wholemodule;
				SWIFT_OPTIMIZATION_LEVEL = "-O";
			};
			name = Release;
		};
		C9E85EE52560624D0066A108 /* Debug */ = {
			isa = XCBuildConfiguration;
			buildSettings = {
				ASSETCATALOG_COMPILER_APPICON_NAME = AppIcon;
				ASSETCATALOG_COMPILER_GLOBAL_ACCENT_COLOR_NAME = AccentColor;
				CODE_SIGN_STYLE = Automatic;
				DEVELOPMENT_TEAM = VCC68A9ZCP;
				ENABLE_PREVIEWS = YES;
				INFOPLIST_FILE = iOS/Info.plist;
				IPHONEOS_DEPLOYMENT_TARGET = 14.0;
				LD_RUNPATH_SEARCH_PATHS = (
					"$(inherited)",
					"@executable_path/Frameworks",
				);
				PRODUCT_BUNDLE_IDENTIFIER = AoziDesign.recipebox;
				PRODUCT_NAME = recipebox;
				SDKROOT = iphoneos;
				SWIFT_VERSION = 5.0;
				TARGETED_DEVICE_FAMILY = "1,2";
			};
			name = Debug;
		};
		C9E85EE62560624D0066A108 /* Release */ = {
			isa = XCBuildConfiguration;
			buildSettings = {
				ASSETCATALOG_COMPILER_APPICON_NAME = AppIcon;
				ASSETCATALOG_COMPILER_GLOBAL_ACCENT_COLOR_NAME = AccentColor;
				CODE_SIGN_STYLE = Automatic;
				DEVELOPMENT_TEAM = VCC68A9ZCP;
				ENABLE_PREVIEWS = YES;
				INFOPLIST_FILE = iOS/Info.plist;
				IPHONEOS_DEPLOYMENT_TARGET = 14.0;
				LD_RUNPATH_SEARCH_PATHS = (
					"$(inherited)",
					"@executable_path/Frameworks",
				);
				PRODUCT_BUNDLE_IDENTIFIER = AoziDesign.recipebox;
				PRODUCT_NAME = recipebox;
				SDKROOT = iphoneos;
				SWIFT_VERSION = 5.0;
				TARGETED_DEVICE_FAMILY = "1,2";
				VALIDATE_PRODUCT = YES;
			};
			name = Release;
		};
		C9E85EE82560624D0066A108 /* Debug */ = {
			isa = XCBuildConfiguration;
			buildSettings = {
				ASSETCATALOG_COMPILER_APPICON_NAME = AppIcon;
				ASSETCATALOG_COMPILER_GLOBAL_ACCENT_COLOR_NAME = AccentColor;
				CODE_SIGN_ENTITLEMENTS = macOS/macOS.entitlements;
				CODE_SIGN_STYLE = Automatic;
				COMBINE_HIDPI_IMAGES = YES;
				DEVELOPMENT_TEAM = VCC68A9ZCP;
				ENABLE_HARDENED_RUNTIME = YES;
				ENABLE_PREVIEWS = YES;
				INFOPLIST_FILE = macOS/Info.plist;
				LD_RUNPATH_SEARCH_PATHS = (
					"$(inherited)",
					"@executable_path/../Frameworks",
				);
				MACOSX_DEPLOYMENT_TARGET = 11.0;
				PRODUCT_BUNDLE_IDENTIFIER = AoziDesign.recipebox;
				PRODUCT_NAME = recipebox;
				SDKROOT = macosx;
				SWIFT_VERSION = 5.0;
			};
			name = Debug;
		};
		C9E85EE92560624D0066A108 /* Release */ = {
			isa = XCBuildConfiguration;
			buildSettings = {
				ASSETCATALOG_COMPILER_APPICON_NAME = AppIcon;
				ASSETCATALOG_COMPILER_GLOBAL_ACCENT_COLOR_NAME = AccentColor;
				CODE_SIGN_ENTITLEMENTS = macOS/macOS.entitlements;
				CODE_SIGN_STYLE = Automatic;
				COMBINE_HIDPI_IMAGES = YES;
				DEVELOPMENT_TEAM = VCC68A9ZCP;
				ENABLE_HARDENED_RUNTIME = YES;
				ENABLE_PREVIEWS = YES;
				INFOPLIST_FILE = macOS/Info.plist;
				LD_RUNPATH_SEARCH_PATHS = (
					"$(inherited)",
					"@executable_path/../Frameworks",
				);
				MACOSX_DEPLOYMENT_TARGET = 11.0;
				PRODUCT_BUNDLE_IDENTIFIER = AoziDesign.recipebox;
				PRODUCT_NAME = recipebox;
				SDKROOT = macosx;
				SWIFT_VERSION = 5.0;
			};
			name = Release;
		};
		C9E85EEB2560624D0066A108 /* Debug */ = {
			isa = XCBuildConfiguration;
			buildSettings = {
				ALWAYS_EMBED_SWIFT_STANDARD_LIBRARIES = YES;
				CODE_SIGN_STYLE = Automatic;
				DEVELOPMENT_TEAM = VCC68A9ZCP;
				INFOPLIST_FILE = "Tests iOS/Info.plist";
				IPHONEOS_DEPLOYMENT_TARGET = 14.2;
				LD_RUNPATH_SEARCH_PATHS = (
					"$(inherited)",
					"@executable_path/Frameworks",
					"@loader_path/Frameworks",
				);
				PRODUCT_BUNDLE_IDENTIFIER = "AoziDesign.Tests-iOS";
				PRODUCT_NAME = "$(TARGET_NAME)";
				SDKROOT = iphoneos;
				SWIFT_VERSION = 5.0;
				TARGETED_DEVICE_FAMILY = "1,2";
				TEST_TARGET_NAME = "recipebox (iOS)";
			};
			name = Debug;
		};
		C9E85EEC2560624D0066A108 /* Release */ = {
			isa = XCBuildConfiguration;
			buildSettings = {
				ALWAYS_EMBED_SWIFT_STANDARD_LIBRARIES = YES;
				CODE_SIGN_STYLE = Automatic;
				DEVELOPMENT_TEAM = VCC68A9ZCP;
				INFOPLIST_FILE = "Tests iOS/Info.plist";
				IPHONEOS_DEPLOYMENT_TARGET = 14.2;
				LD_RUNPATH_SEARCH_PATHS = (
					"$(inherited)",
					"@executable_path/Frameworks",
					"@loader_path/Frameworks",
				);
				PRODUCT_BUNDLE_IDENTIFIER = "AoziDesign.Tests-iOS";
				PRODUCT_NAME = "$(TARGET_NAME)";
				SDKROOT = iphoneos;
				SWIFT_VERSION = 5.0;
				TARGETED_DEVICE_FAMILY = "1,2";
				TEST_TARGET_NAME = "recipebox (iOS)";
				VALIDATE_PRODUCT = YES;
			};
			name = Release;
		};
		C9E85EEE2560624D0066A108 /* Debug */ = {
			isa = XCBuildConfiguration;
			buildSettings = {
				ALWAYS_EMBED_SWIFT_STANDARD_LIBRARIES = YES;
				CODE_SIGN_STYLE = Automatic;
				COMBINE_HIDPI_IMAGES = YES;
				DEVELOPMENT_TEAM = VCC68A9ZCP;
				INFOPLIST_FILE = "Tests macOS/Info.plist";
				LD_RUNPATH_SEARCH_PATHS = (
					"$(inherited)",
					"@executable_path/../Frameworks",
					"@loader_path/../Frameworks",
				);
				MACOSX_DEPLOYMENT_TARGET = 10.15;
				PRODUCT_BUNDLE_IDENTIFIER = "AoziDesign.Tests-macOS";
				PRODUCT_NAME = "$(TARGET_NAME)";
				SDKROOT = macosx;
				SWIFT_VERSION = 5.0;
				TEST_TARGET_NAME = "recipebox (macOS)";
			};
			name = Debug;
		};
		C9E85EEF2560624D0066A108 /* Release */ = {
			isa = XCBuildConfiguration;
			buildSettings = {
				ALWAYS_EMBED_SWIFT_STANDARD_LIBRARIES = YES;
				CODE_SIGN_STYLE = Automatic;
				COMBINE_HIDPI_IMAGES = YES;
				DEVELOPMENT_TEAM = VCC68A9ZCP;
				INFOPLIST_FILE = "Tests macOS/Info.plist";
				LD_RUNPATH_SEARCH_PATHS = (
					"$(inherited)",
					"@executable_path/../Frameworks",
					"@loader_path/../Frameworks",
				);
				MACOSX_DEPLOYMENT_TARGET = 10.15;
				PRODUCT_BUNDLE_IDENTIFIER = "AoziDesign.Tests-macOS";
				PRODUCT_NAME = "$(TARGET_NAME)";
				SDKROOT = macosx;
				SWIFT_VERSION = 5.0;
				TEST_TARGET_NAME = "recipebox (macOS)";
			};
			name = Release;
		};
/* End XCBuildConfiguration section */

/* Begin XCConfigurationList section */
		C9E85EAA2560624C0066A108 /* Build configuration list for PBXProject "recipebox" */ = {
			isa = XCConfigurationList;
			buildConfigurations = (
				C9E85EE22560624D0066A108 /* Debug */,
				C9E85EE32560624D0066A108 /* Release */,
			);
			defaultConfigurationIsVisible = 0;
			defaultConfigurationName = Release;
		};
		C9E85EE42560624D0066A108 /* Build configuration list for PBXNativeTarget "recipebox (iOS)" */ = {
			isa = XCConfigurationList;
			buildConfigurations = (
				C9E85EE52560624D0066A108 /* Debug */,
				C9E85EE62560624D0066A108 /* Release */,
			);
			defaultConfigurationIsVisible = 0;
			defaultConfigurationName = Release;
		};
		C9E85EE72560624D0066A108 /* Build configuration list for PBXNativeTarget "recipebox (macOS)" */ = {
			isa = XCConfigurationList;
			buildConfigurations = (
				C9E85EE82560624D0066A108 /* Debug */,
				C9E85EE92560624D0066A108 /* Release */,
			);
			defaultConfigurationIsVisible = 0;
			defaultConfigurationName = Release;
		};
		C9E85EEA2560624D0066A108 /* Build configuration list for PBXNativeTarget "Tests iOS" */ = {
			isa = XCConfigurationList;
			buildConfigurations = (
				C9E85EEB2560624D0066A108 /* Debug */,
				C9E85EEC2560624D0066A108 /* Release */,
			);
			defaultConfigurationIsVisible = 0;
			defaultConfigurationName = Release;
		};
		C9E85EED2560624D0066A108 /* Build configuration list for PBXNativeTarget "Tests macOS" */ = {
			isa = XCConfigurationList;
			buildConfigurations = (
				C9E85EEE2560624D0066A108 /* Debug */,
				C9E85EEF2560624D0066A108 /* Release */,
			);
			defaultConfigurationIsVisible = 0;
			defaultConfigurationName = Release;
		};
/* End XCConfigurationList section */

/* Begin XCVersionGroup section */
		C9E85EAC2560624C0066A108 /* recipebox.xcdatamodeld */ = {
			isa = XCVersionGroup;
			children = (
				C9E85EAD2560624C0066A108 /* Shared.xcdatamodel */,
			);
			currentVersion = C9E85EAD2560624C0066A108 /* Shared.xcdatamodel */;
			path = recipebox.xcdatamodeld;
			sourceTree = "<group>";
			versionGroupType = wrapper.xcdatamodel;
		};
/* End XCVersionGroup section */
	};
	rootObject = C9E85EA72560624B0066A108 /* Project object */;
}
